
Microsoft Visual Studio Solution File, Format Version 12.00
# Visual Studio Version 17
VisualStudioVersion = 17.4.33213.308
MinimumVisualStudioVersion = 10.0.40219.1
Project("{9A19103F-16F7-4668-BE54-9A1E7A4F7556}") = "CSVtest", "CSVtest\CSVtest.csproj", "{27146DAB-6481-4295-8B18-7DE9B147FC25}"
EndProject
Project("{9A19103F-16F7-4668-BE54-9A1E7A4F7556}") = "StringBuildTest", "StringBuilder\StringBuildTest.csproj", "{1B9675B4-86DB-47F4-A019-746CDA307C9C}"
EndProject
Project("{9A19103F-16F7-4668-BE54-9A1E7A4F7556}") = "ForLoop", "ForLoop\ForLoop.csproj", "{A59FB471-DC64-486B-A554-9299EB28AA6A}"
EndProject
Project("{9A19103F-16F7-4668-BE54-9A1E7A4F7556}") = "WhileLoop", "WhileLoop\WhileLoop.csproj", "{DE0E78DD-2C22-4F3D-AAEC-213D6DC3143A}"
EndProject
Project("{2150E333-8FDC-42A3-9474-1A3956D46DE8}") = "Loops", "Loops", "{2D3D8F1E-1E13-48A9-853C-DF2415E8EB49}"
EndProject
Project("{9A19103F-16F7-4668-BE54-9A1E7A4F7556}") = "DoWhileLoop", "DoWhileLoop\DoWhileLoop.csproj", "{97B9A938-A1E8-4A4E-B077-198C66F3DF4C}"
EndProject
Project("{9A19103F-16F7-4668-BE54-9A1E7A4F7556}") = "Employee", "Employee\Employee.csproj", "{AD18F719-DD36-4195-8E47-646ADC3793F5}"
EndProject
Project("{2150E333-8FDC-42A3-9474-1A3956D46DE8}") = "Partial", "Partial", "{DC8E2307-E5D9-41D2-8856-2240621DCB9D}"
EndProject
Project("{2150E333-8FDC-42A3-9474-1A3956D46DE8}") = "Static", "Static", "{8F3603C8-9AFB-45AD-BD88-73F4F18FB946}"
EndProject
Project("{9A19103F-16F7-4668-BE54-9A1E7A4F7556}") = "StaticClass", "StaticClass\StaticClass.csproj", "{537733E4-B725-4376-9DD0-210651BB532C}"
EndProject
Project("{9A19103F-16F7-4668-BE54-9A1E7A4F7556}") = "StaticClass2", "StaticClass2\StaticClass2.csproj", "{8688A17D-CCDC-425F-B784-D147DEE77A0B}"
EndProject
Project("{9A19103F-16F7-4668-BE54-9A1E7A4F7556}") = "StaticMethod", "StaticMethod\StaticMethod.csproj", "{BF73BDF0-E3C1-4234-BCCE-3A4CFC951D9F}"
EndProject
Project("{9A19103F-16F7-4668-BE54-9A1E7A4F7556}") = "StaticConstructor", "StaticConstructor\StaticConstructor.csproj", "{6236DA16-9018-483B-BF4A-1C595DF63CCE}"
EndProject
Project("{9A19103F-16F7-4668-BE54-9A1E7A4F7556}") = "ArraySingleDimensional", "ArraySingleDimensional\ArraySingleDimensional.csproj", "{B66A057C-4698-4B3D-BEAC-08B19F9F0FC5}"
EndProject
Project("{2150E333-8FDC-42A3-9474-1A3956D46DE8}") = "Array", "Array", "{67C0CF95-A7D7-4B26-9668-B7044C96F8ED}"
EndProject
Project("{9A19103F-16F7-4668-BE54-9A1E7A4F7556}") = "ArrayMultidimensional", "ArrayMultidimensional\ArrayMultidimensional.csproj", "{7F8DC131-C3F1-4F70-9B78-EFD0F95F7305}"
EndProject
Project("{9A19103F-16F7-4668-BE54-9A1E7A4F7556}") = "ArrayJagged", "ArrayJagged\ArrayJagged.csproj", "{E204B7B5-ECDC-4F2C-A86E-28C87262A9FA}"
EndProject
Project("{9A19103F-16F7-4668-BE54-9A1E7A4F7556}") = "GenericsTest", "GenericsTest\GenericsTest.csproj", "{D488AD45-55E9-4094-A4BE-B338C8BF8CC1}"
EndProject
Project("{2150E333-8FDC-42A3-9474-1A3956D46DE8}") = "Generics", "Generics", "{C369AA82-A3F0-4F51-90C8-B3D5BC66F6A5}"
EndProject
Project("{9A19103F-16F7-4668-BE54-9A1E7A4F7556}") = "GenericMethodNonGenericCLass", "GenericMethodNonGenericCLass\GenericMethodNonGenericCLass.csproj", "{1D604D16-3F54-474B-BFF5-BAEBBC04645B}"
EndProject
Project("{9A19103F-16F7-4668-BE54-9A1E7A4F7556}") = "ValueType", "ValueType\ValueType.csproj", "{D0F14CCD-465A-4428-8DCF-E77BD98BBF28}"
EndProject
Project("{2150E333-8FDC-42A3-9474-1A3956D46DE8}") = "Value and Reference Types", "Value and Reference Types", "{A879235B-517B-43D5-8E69-405B72985838}"
EndProject
Project("{9A19103F-16F7-4668-BE54-9A1E7A4F7556}") = "ReferenceType", "ReferenceType\ReferenceType.csproj", "{5AB7DA7D-D231-4DB8-A3FB-1B06F5C79281}"
EndProject
Project("{9A19103F-16F7-4668-BE54-9A1E7A4F7556}") = "StringReferenceType", "StringReferenceType\StringReferenceType.csproj", "{B68A2DEE-FF5E-473E-8F93-6E88FD4481DC}"
EndProject
Project("{2150E333-8FDC-42A3-9474-1A3956D46DE8}") = "Interfaces", "Interfaces", "{E42968DB-8362-4576-BC55-2D66846603B0}"
EndProject
Project("{9A19103F-16F7-4668-BE54-9A1E7A4F7556}") = "ImplicitImplementationInterface", "ImplementingInterface\ImplicitImplementationInterface.csproj", "{68F19334-6A95-4B66-9F9B-EA4F7F7D58DC}"
EndProject
Project("{9A19103F-16F7-4668-BE54-9A1E7A4F7556}") = "ExplicitImplementationInterface", "ExplicitImplementationInterface\ExplicitImplementationInterface.csproj", "{35F7341F-DAA1-4A95-8279-7CA1E22DEC42}"
EndProject
Project("{9A19103F-16F7-4668-BE54-9A1E7A4F7556}") = "MultipleInterfaces", "MultipleInterfaces\MultipleInterfaces.csproj", "{7F7B97A6-E889-48BD-9032-17C0C431EFC6}"
EndProject
Project("{9A19103F-16F7-4668-BE54-9A1E7A4F7556}") = "DefaultInterfaceMethods", "DefaultInterfaceMethods\DefaultInterfaceMethods.csproj", "{F94B78EC-3EBC-4A9A-B044-351F08BE514A}"
EndProject
Project("{2150E333-8FDC-42A3-9474-1A3956D46DE8}") = "Operators", "Operators", "{259C8E02-944D-45C4-B866-8EC50EE2C81F}"
EndProject
Project("{9A19103F-16F7-4668-BE54-9A1E7A4F7556}") = "LogicalNegationUnaryOperator)", "LogicalNegationUnaryOperator\LogicalNegationUnaryOperator).csproj", "{D7E978C7-25CD-4F5B-B249-C865AE93F454}"
EndProject
Project("{9A19103F-16F7-4668-BE54-9A1E7A4F7556}") = "LogicalAND", "LogicalAND\LogicalAND.csproj", "{F024475D-D47C-4F09-BBB5-673C7462D4B0}"
EndProject
Project("{9A19103F-16F7-4668-BE54-9A1E7A4F7556}") = "LogicalOR", "LogicalOR\LogicalOR.csproj", "{BB946437-14D5-40B5-B536-5FB18ED7AC8F}"
EndProject
Project("{9A19103F-16F7-4668-BE54-9A1E7A4F7556}") = "ConditionalAND", "ConditionalAND\ConditionalAND.csproj", "{534F5C54-E2A1-4EB2-941A-649DEE315D12}"
EndProject
Project("{9A19103F-16F7-4668-BE54-9A1E7A4F7556}") = "ConditionalOR", "ConditionalOR\ConditionalOR.csproj", "{39686717-A1BE-41DF-BCE0-6DDD69B2588D}"
EndProject
Project("{2150E333-8FDC-42A3-9474-1A3956D46DE8}") = "Collections", "Collections", "{7612F62C-DE12-4F5A-AAB2-31682649C569}"
EndProject
Project("{9A19103F-16F7-4668-BE54-9A1E7A4F7556}") = "ArrayLists", "ArrayList\ArrayLists.csproj", "{1DEEF8D8-38CC-46CB-B865-17171395B494}"
EndProject
Project("{9A19103F-16F7-4668-BE54-9A1E7A4F7556}") = "Lists", "Lists\Lists.csproj", "{14397B05-88F6-4149-878C-1CBDEE6E0428}"
EndProject
Project("{9A19103F-16F7-4668-BE54-9A1E7A4F7556}") = "ListsWithLINQ", "ListsWithLINQ\ListsWithLINQ.csproj", "{E8B5DFFB-196F-4C08-BC75-4F76131BCEBF}"
EndProject
Project("{9A19103F-16F7-4668-BE54-9A1E7A4F7556}") = "SortedLists", "SortedList\SortedLists.csproj", "{66CEE140-1878-4CE1-BEFA-6510D3497427}"
EndProject
Project("{9A19103F-16F7-4668-BE54-9A1E7A4F7556}") = "Hashtables", "Hashtable\Hashtables.csproj", "{2C9758C3-562E-4E9F-BE41-67015A929544}"
EndProject
Project("{9A19103F-16F7-4668-BE54-9A1E7A4F7556}") = "Stacks", "Stack\Stacks.csproj", "{D22B0437-7288-44C2-8DA2-CFC260163B32}"
EndProject
Project("{2150E333-8FDC-42A3-9474-1A3956D46DE8}") = "Exceptions", "Exceptions", "{3E7402BA-5498-4B7D-B271-1F3267E15842}"
EndProject
Project("{9A19103F-16F7-4668-BE54-9A1E7A4F7556}") = "ExceptionHandling", "ExceptionHandling\ExceptionHandling.csproj", "{46CDA7F0-EA04-40BD-A34C-EBE6315D3302}"
EndProject
Project("{9A19103F-16F7-4668-BE54-9A1E7A4F7556}") = "MultipleCatchBlocks", "MultipleCatchBlocks\MultipleCatchBlocks.csproj", "{5FA13DBB-3110-41AE-8C71-38343481CEAB}"
EndProject
Project("{9A19103F-16F7-4668-BE54-9A1E7A4F7556}") = "NestedCatch", "NestedCatch\NestedCatch.csproj", "{225B8D78-1ECF-4208-B91C-20BF489AC13D}"
EndProject
Project("{9A19103F-16F7-4668-BE54-9A1E7A4F7556}") = "ThrowKeyword", "ThrowKeyword\ThrowKeyword.csproj", "{267C42C6-2AEB-484D-B6FA-EF4879DCF71E}"
EndProject
Project("{9A19103F-16F7-4668-BE54-9A1E7A4F7556}") = "ReThrow", "ReThrow\ReThrow.csproj", "{FE6F2870-967F-4B80-8B22-436BE8BDB0F6}"
EndProject
Project("{9A19103F-16F7-4668-BE54-9A1E7A4F7556}") = "ReThrow2", "ReThrow2\ReThrow2.csproj", "{C0A1BC8E-B054-40CB-A674-BBF08CB39E64}"
EndProject
Project("{9A19103F-16F7-4668-BE54-9A1E7A4F7556}") = "CustomExceptions", "CustomExceptions\CustomExceptions.csproj", "{48457CEC-72D6-46CC-9466-EABF2E790A7F}"
EndProject
Project("{2150E333-8FDC-42A3-9474-1A3956D46DE8}") = "Delegates and Events", "Delegates and Events", "{DEA77858-880B-4F67-9BAF-7AECE34F7D48}"
EndProject
Project("{9A19103F-16F7-4668-BE54-9A1E7A4F7556}") = "Delegates", "Delegates\Delegates.csproj", "{64958F79-778C-4CC6-AB51-D7851DCD1342}"
EndProject
Project("{9A19103F-16F7-4668-BE54-9A1E7A4F7556}") = "Passing Delegate as a Parameter", "PassingDelegateAsParameter\Passing Delegate as a Parameter.csproj", "{7ADC3291-85C6-4228-BBD9-0AB976C34754}"
EndProject
Project("{9A19103F-16F7-4668-BE54-9A1E7A4F7556}") = "Events", "Events\Events.csproj", "{4940B48B-B3EC-48CD-A9CA-CEF3F4598FFD}"
EndProject
Project("{2150E333-8FDC-42A3-9474-1A3956D46DE8}") = "Constructor", "Constructor", "{5ABC50B5-E350-4D40-A60C-409699EB4E9A}"
EndProject
Project("{2150E333-8FDC-42A3-9474-1A3956D46DE8}") = "COvariance (OUT) and CONTRAvariance (IN)", "COvariance (OUT) and CONTRAvariance (IN)", "{9B41C5EB-B629-47AB-90B0-4D908CCB05E6}"
EndProject
Project("{9A19103F-16F7-4668-BE54-9A1E7A4F7556}") = "ClassHierarchy", "ClassHierarchy\ClassHierarchy.csproj", "{B89E89C2-4FF2-402A-9A2A-07A15BEB57ED}"
EndProject
Project("{9A19103F-16F7-4668-BE54-9A1E7A4F7556}") = "CovarianceWithDelegates", "CovarianceWithDelegates\CovarianceWithDelegates.csproj", "{A85FEA1E-2A7A-4121-B909-8138873F6C6E}"
EndProject
Project("{9A19103F-16F7-4668-BE54-9A1E7A4F7556}") = "ContravarianceWithDelegates", "ContravarianceWithDelegates\ContravarianceWithDelegates.csproj", "{E85A24FB-8A76-46FA-898F-A01AB5B06461}"
EndProject
Project("{9A19103F-16F7-4668-BE54-9A1E7A4F7556}") = "ExtensionMethod", "ExtensionMethod\ExtensionMethod.csproj", "{CC68F0A8-DDA9-4C9F-9872-2BE6FE9BCB05}"
EndProject
Project("{9A19103F-16F7-4668-BE54-9A1E7A4F7556}") = "StreamUse", "StreamUse\StreamUse.csproj", "{A9F204D5-AE8D-417D-8E24-515DE142B534}"
EndProject
Project("{2150E333-8FDC-42A3-9474-1A3956D46DE8}") = "Object Initializer", "Object Initializer", "{D5B37BE2-BDD9-42C4-A64E-9A956DC2DFD7}"
EndProject
Project("{9A19103F-16F7-4668-BE54-9A1E7A4F7556}") = "ObjectInitializerSyntax", "ObjectInitializerSyntax\ObjectInitializerSyntax.csproj", "{A244497F-E25B-41D7-8B1B-F125BA53C975}"
EndProject
Project("{9A19103F-16F7-4668-BE54-9A1E7A4F7556}") = "CollectionInitializerSyntax", "CollectionInitializerSyntax\CollectionInitializerSyntax.csproj", "{6008F090-6DE3-41C1-95DC-2E084335D49D}"
EndProject
Project("{2150E333-8FDC-42A3-9474-1A3956D46DE8}") = "CSV, Stream", "CSV, Stream", "{0B9900E8-5888-4E41-BAA6-9EB2BF37208D}"
EndProject
Project("{9A19103F-16F7-4668-BE54-9A1E7A4F7556}") = "Constructor cu Param", "Constructor\Constructor cu Param.csproj", "{2955F270-BAEE-43E8-A0AE-3B1D4BB4BEB8}"
EndProject
Project("{9A19103F-16F7-4668-BE54-9A1E7A4F7556}") = "Constructor Implicit", "Constructor2\Constructor Implicit.csproj", "{38A0432E-E0AF-4D87-B421-0C4148903A63}"
EndProject
Project("{9A19103F-16F7-4668-BE54-9A1E7A4F7556}") = "Queue", "Queue\Queue.csproj", "{5F10CBE5-92C0-4236-9750-9F1451738DA5}"
EndProject
Project("{9A19103F-16F7-4668-BE54-9A1E7A4F7556}") = "Dictionaries", "Dictionary\Dictionaries.csproj", "{455EEECC-BB37-438A-BEE5-D975AD1AE1E9}"
EndProject
Global
	GlobalSection(SolutionConfigurationPlatforms) = preSolution
		Debug|Any CPU = Debug|Any CPU
		Release|Any CPU = Release|Any CPU
	EndGlobalSection
	GlobalSection(ProjectConfigurationPlatforms) = postSolution
		{27146DAB-6481-4295-8B18-7DE9B147FC25}.Debug|Any CPU.ActiveCfg = Debug|Any CPU
		{27146DAB-6481-4295-8B18-7DE9B147FC25}.Debug|Any CPU.Build.0 = Debug|Any CPU
		{27146DAB-6481-4295-8B18-7DE9B147FC25}.Release|Any CPU.ActiveCfg = Release|Any CPU
		{27146DAB-6481-4295-8B18-7DE9B147FC25}.Release|Any CPU.Build.0 = Release|Any CPU
		{1B9675B4-86DB-47F4-A019-746CDA307C9C}.Debug|Any CPU.ActiveCfg = Debug|Any CPU
		{1B9675B4-86DB-47F4-A019-746CDA307C9C}.Debug|Any CPU.Build.0 = Debug|Any CPU
		{1B9675B4-86DB-47F4-A019-746CDA307C9C}.Release|Any CPU.ActiveCfg = Release|Any CPU
		{1B9675B4-86DB-47F4-A019-746CDA307C9C}.Release|Any CPU.Build.0 = Release|Any CPU
		{A59FB471-DC64-486B-A554-9299EB28AA6A}.Debug|Any CPU.ActiveCfg = Debug|Any CPU
		{A59FB471-DC64-486B-A554-9299EB28AA6A}.Debug|Any CPU.Build.0 = Debug|Any CPU
		{A59FB471-DC64-486B-A554-9299EB28AA6A}.Release|Any CPU.ActiveCfg = Release|Any CPU
		{A59FB471-DC64-486B-A554-9299EB28AA6A}.Release|Any CPU.Build.0 = Release|Any CPU
		{DE0E78DD-2C22-4F3D-AAEC-213D6DC3143A}.Debug|Any CPU.ActiveCfg = Debug|Any CPU
		{DE0E78DD-2C22-4F3D-AAEC-213D6DC3143A}.Debug|Any CPU.Build.0 = Debug|Any CPU
		{DE0E78DD-2C22-4F3D-AAEC-213D6DC3143A}.Release|Any CPU.ActiveCfg = Release|Any CPU
		{DE0E78DD-2C22-4F3D-AAEC-213D6DC3143A}.Release|Any CPU.Build.0 = Release|Any CPU
		{97B9A938-A1E8-4A4E-B077-198C66F3DF4C}.Debug|Any CPU.ActiveCfg = Debug|Any CPU
		{97B9A938-A1E8-4A4E-B077-198C66F3DF4C}.Debug|Any CPU.Build.0 = Debug|Any CPU
		{97B9A938-A1E8-4A4E-B077-198C66F3DF4C}.Release|Any CPU.ActiveCfg = Release|Any CPU
		{97B9A938-A1E8-4A4E-B077-198C66F3DF4C}.Release|Any CPU.Build.0 = Release|Any CPU
		{AD18F719-DD36-4195-8E47-646ADC3793F5}.Debug|Any CPU.ActiveCfg = Debug|Any CPU
		{AD18F719-DD36-4195-8E47-646ADC3793F5}.Debug|Any CPU.Build.0 = Debug|Any CPU
		{AD18F719-DD36-4195-8E47-646ADC3793F5}.Release|Any CPU.ActiveCfg = Release|Any CPU
		{AD18F719-DD36-4195-8E47-646ADC3793F5}.Release|Any CPU.Build.0 = Release|Any CPU
		{537733E4-B725-4376-9DD0-210651BB532C}.Debug|Any CPU.ActiveCfg = Debug|Any CPU
		{537733E4-B725-4376-9DD0-210651BB532C}.Debug|Any CPU.Build.0 = Debug|Any CPU
		{537733E4-B725-4376-9DD0-210651BB532C}.Release|Any CPU.ActiveCfg = Release|Any CPU
		{537733E4-B725-4376-9DD0-210651BB532C}.Release|Any CPU.Build.0 = Release|Any CPU
		{8688A17D-CCDC-425F-B784-D147DEE77A0B}.Debug|Any CPU.ActiveCfg = Debug|Any CPU
		{8688A17D-CCDC-425F-B784-D147DEE77A0B}.Debug|Any CPU.Build.0 = Debug|Any CPU
		{8688A17D-CCDC-425F-B784-D147DEE77A0B}.Release|Any CPU.ActiveCfg = Release|Any CPU
		{8688A17D-CCDC-425F-B784-D147DEE77A0B}.Release|Any CPU.Build.0 = Release|Any CPU
		{BF73BDF0-E3C1-4234-BCCE-3A4CFC951D9F}.Debug|Any CPU.ActiveCfg = Debug|Any CPU
		{BF73BDF0-E3C1-4234-BCCE-3A4CFC951D9F}.Debug|Any CPU.Build.0 = Debug|Any CPU
		{BF73BDF0-E3C1-4234-BCCE-3A4CFC951D9F}.Release|Any CPU.ActiveCfg = Release|Any CPU
		{BF73BDF0-E3C1-4234-BCCE-3A4CFC951D9F}.Release|Any CPU.Build.0 = Release|Any CPU
		{6236DA16-9018-483B-BF4A-1C595DF63CCE}.Debug|Any CPU.ActiveCfg = Debug|Any CPU
		{6236DA16-9018-483B-BF4A-1C595DF63CCE}.Debug|Any CPU.Build.0 = Debug|Any CPU
		{6236DA16-9018-483B-BF4A-1C595DF63CCE}.Release|Any CPU.ActiveCfg = Release|Any CPU
		{6236DA16-9018-483B-BF4A-1C595DF63CCE}.Release|Any CPU.Build.0 = Release|Any CPU
		{B66A057C-4698-4B3D-BEAC-08B19F9F0FC5}.Debug|Any CPU.ActiveCfg = Debug|Any CPU
		{B66A057C-4698-4B3D-BEAC-08B19F9F0FC5}.Debug|Any CPU.Build.0 = Debug|Any CPU
		{B66A057C-4698-4B3D-BEAC-08B19F9F0FC5}.Release|Any CPU.ActiveCfg = Release|Any CPU
		{B66A057C-4698-4B3D-BEAC-08B19F9F0FC5}.Release|Any CPU.Build.0 = Release|Any CPU
		{7F8DC131-C3F1-4F70-9B78-EFD0F95F7305}.Debug|Any CPU.ActiveCfg = Debug|Any CPU
		{7F8DC131-C3F1-4F70-9B78-EFD0F95F7305}.Debug|Any CPU.Build.0 = Debug|Any CPU
		{7F8DC131-C3F1-4F70-9B78-EFD0F95F7305}.Release|Any CPU.ActiveCfg = Release|Any CPU
		{7F8DC131-C3F1-4F70-9B78-EFD0F95F7305}.Release|Any CPU.Build.0 = Release|Any CPU
		{E204B7B5-ECDC-4F2C-A86E-28C87262A9FA}.Debug|Any CPU.ActiveCfg = Debug|Any CPU
		{E204B7B5-ECDC-4F2C-A86E-28C87262A9FA}.Debug|Any CPU.Build.0 = Debug|Any CPU
		{E204B7B5-ECDC-4F2C-A86E-28C87262A9FA}.Release|Any CPU.ActiveCfg = Release|Any CPU
		{E204B7B5-ECDC-4F2C-A86E-28C87262A9FA}.Release|Any CPU.Build.0 = Release|Any CPU
		{D488AD45-55E9-4094-A4BE-B338C8BF8CC1}.Debug|Any CPU.ActiveCfg = Debug|Any CPU
		{D488AD45-55E9-4094-A4BE-B338C8BF8CC1}.Debug|Any CPU.Build.0 = Debug|Any CPU
		{D488AD45-55E9-4094-A4BE-B338C8BF8CC1}.Release|Any CPU.ActiveCfg = Release|Any CPU
		{D488AD45-55E9-4094-A4BE-B338C8BF8CC1}.Release|Any CPU.Build.0 = Release|Any CPU
		{1D604D16-3F54-474B-BFF5-BAEBBC04645B}.Debug|Any CPU.ActiveCfg = Debug|Any CPU
		{1D604D16-3F54-474B-BFF5-BAEBBC04645B}.Debug|Any CPU.Build.0 = Debug|Any CPU
		{1D604D16-3F54-474B-BFF5-BAEBBC04645B}.Release|Any CPU.ActiveCfg = Release|Any CPU
		{1D604D16-3F54-474B-BFF5-BAEBBC04645B}.Release|Any CPU.Build.0 = Release|Any CPU
		{D0F14CCD-465A-4428-8DCF-E77BD98BBF28}.Debug|Any CPU.ActiveCfg = Debug|Any CPU
		{D0F14CCD-465A-4428-8DCF-E77BD98BBF28}.Debug|Any CPU.Build.0 = Debug|Any CPU
		{D0F14CCD-465A-4428-8DCF-E77BD98BBF28}.Release|Any CPU.ActiveCfg = Release|Any CPU
		{D0F14CCD-465A-4428-8DCF-E77BD98BBF28}.Release|Any CPU.Build.0 = Release|Any CPU
		{5AB7DA7D-D231-4DB8-A3FB-1B06F5C79281}.Debug|Any CPU.ActiveCfg = Debug|Any CPU
		{5AB7DA7D-D231-4DB8-A3FB-1B06F5C79281}.Debug|Any CPU.Build.0 = Debug|Any CPU
		{5AB7DA7D-D231-4DB8-A3FB-1B06F5C79281}.Release|Any CPU.ActiveCfg = Release|Any CPU
		{5AB7DA7D-D231-4DB8-A3FB-1B06F5C79281}.Release|Any CPU.Build.0 = Release|Any CPU
		{B68A2DEE-FF5E-473E-8F93-6E88FD4481DC}.Debug|Any CPU.ActiveCfg = Debug|Any CPU
		{B68A2DEE-FF5E-473E-8F93-6E88FD4481DC}.Debug|Any CPU.Build.0 = Debug|Any CPU
		{B68A2DEE-FF5E-473E-8F93-6E88FD4481DC}.Release|Any CPU.ActiveCfg = Release|Any CPU
		{B68A2DEE-FF5E-473E-8F93-6E88FD4481DC}.Release|Any CPU.Build.0 = Release|Any CPU
		{68F19334-6A95-4B66-9F9B-EA4F7F7D58DC}.Debug|Any CPU.ActiveCfg = Debug|Any CPU
		{68F19334-6A95-4B66-9F9B-EA4F7F7D58DC}.Debug|Any CPU.Build.0 = Debug|Any CPU
		{68F19334-6A95-4B66-9F9B-EA4F7F7D58DC}.Release|Any CPU.ActiveCfg = Release|Any CPU
		{68F19334-6A95-4B66-9F9B-EA4F7F7D58DC}.Release|Any CPU.Build.0 = Release|Any CPU
		{35F7341F-DAA1-4A95-8279-7CA1E22DEC42}.Debug|Any CPU.ActiveCfg = Debug|Any CPU
		{35F7341F-DAA1-4A95-8279-7CA1E22DEC42}.Debug|Any CPU.Build.0 = Debug|Any CPU
		{35F7341F-DAA1-4A95-8279-7CA1E22DEC42}.Release|Any CPU.ActiveCfg = Release|Any CPU
		{35F7341F-DAA1-4A95-8279-7CA1E22DEC42}.Release|Any CPU.Build.0 = Release|Any CPU
		{7F7B97A6-E889-48BD-9032-17C0C431EFC6}.Debug|Any CPU.ActiveCfg = Debug|Any CPU
		{7F7B97A6-E889-48BD-9032-17C0C431EFC6}.Debug|Any CPU.Build.0 = Debug|Any CPU
		{7F7B97A6-E889-48BD-9032-17C0C431EFC6}.Release|Any CPU.ActiveCfg = Release|Any CPU
		{7F7B97A6-E889-48BD-9032-17C0C431EFC6}.Release|Any CPU.Build.0 = Release|Any CPU
		{F94B78EC-3EBC-4A9A-B044-351F08BE514A}.Debug|Any CPU.ActiveCfg = Debug|Any CPU
		{F94B78EC-3EBC-4A9A-B044-351F08BE514A}.Debug|Any CPU.Build.0 = Debug|Any CPU
		{F94B78EC-3EBC-4A9A-B044-351F08BE514A}.Release|Any CPU.ActiveCfg = Release|Any CPU
		{F94B78EC-3EBC-4A9A-B044-351F08BE514A}.Release|Any CPU.Build.0 = Release|Any CPU
		{D7E978C7-25CD-4F5B-B249-C865AE93F454}.Debug|Any CPU.ActiveCfg = Debug|Any CPU
		{D7E978C7-25CD-4F5B-B249-C865AE93F454}.Debug|Any CPU.Build.0 = Debug|Any CPU
		{D7E978C7-25CD-4F5B-B249-C865AE93F454}.Release|Any CPU.ActiveCfg = Release|Any CPU
		{D7E978C7-25CD-4F5B-B249-C865AE93F454}.Release|Any CPU.Build.0 = Release|Any CPU
		{F024475D-D47C-4F09-BBB5-673C7462D4B0}.Debug|Any CPU.ActiveCfg = Debug|Any CPU
		{F024475D-D47C-4F09-BBB5-673C7462D4B0}.Debug|Any CPU.Build.0 = Debug|Any CPU
		{F024475D-D47C-4F09-BBB5-673C7462D4B0}.Release|Any CPU.ActiveCfg = Release|Any CPU
		{F024475D-D47C-4F09-BBB5-673C7462D4B0}.Release|Any CPU.Build.0 = Release|Any CPU
		{BB946437-14D5-40B5-B536-5FB18ED7AC8F}.Debug|Any CPU.ActiveCfg = Debug|Any CPU
		{BB946437-14D5-40B5-B536-5FB18ED7AC8F}.Debug|Any CPU.Build.0 = Debug|Any CPU
		{BB946437-14D5-40B5-B536-5FB18ED7AC8F}.Release|Any CPU.ActiveCfg = Release|Any CPU
		{BB946437-14D5-40B5-B536-5FB18ED7AC8F}.Release|Any CPU.Build.0 = Release|Any CPU
		{534F5C54-E2A1-4EB2-941A-649DEE315D12}.Debug|Any CPU.ActiveCfg = Debug|Any CPU
		{534F5C54-E2A1-4EB2-941A-649DEE315D12}.Debug|Any CPU.Build.0 = Debug|Any CPU
		{534F5C54-E2A1-4EB2-941A-649DEE315D12}.Release|Any CPU.ActiveCfg = Release|Any CPU
		{534F5C54-E2A1-4EB2-941A-649DEE315D12}.Release|Any CPU.Build.0 = Release|Any CPU
		{39686717-A1BE-41DF-BCE0-6DDD69B2588D}.Debug|Any CPU.ActiveCfg = Debug|Any CPU
		{39686717-A1BE-41DF-BCE0-6DDD69B2588D}.Debug|Any CPU.Build.0 = Debug|Any CPU
		{39686717-A1BE-41DF-BCE0-6DDD69B2588D}.Release|Any CPU.ActiveCfg = Release|Any CPU
		{39686717-A1BE-41DF-BCE0-6DDD69B2588D}.Release|Any CPU.Build.0 = Release|Any CPU
		{1DEEF8D8-38CC-46CB-B865-17171395B494}.Debug|Any CPU.ActiveCfg = Debug|Any CPU
		{1DEEF8D8-38CC-46CB-B865-17171395B494}.Debug|Any CPU.Build.0 = Debug|Any CPU
		{1DEEF8D8-38CC-46CB-B865-17171395B494}.Release|Any CPU.ActiveCfg = Release|Any CPU
		{1DEEF8D8-38CC-46CB-B865-17171395B494}.Release|Any CPU.Build.0 = Release|Any CPU
		{14397B05-88F6-4149-878C-1CBDEE6E0428}.Debug|Any CPU.ActiveCfg = Debug|Any CPU
		{14397B05-88F6-4149-878C-1CBDEE6E0428}.Debug|Any CPU.Build.0 = Debug|Any CPU
		{14397B05-88F6-4149-878C-1CBDEE6E0428}.Release|Any CPU.ActiveCfg = Release|Any CPU
		{14397B05-88F6-4149-878C-1CBDEE6E0428}.Release|Any CPU.Build.0 = Release|Any CPU
		{E8B5DFFB-196F-4C08-BC75-4F76131BCEBF}.Debug|Any CPU.ActiveCfg = Debug|Any CPU
		{E8B5DFFB-196F-4C08-BC75-4F76131BCEBF}.Debug|Any CPU.Build.0 = Debug|Any CPU
		{E8B5DFFB-196F-4C08-BC75-4F76131BCEBF}.Release|Any CPU.ActiveCfg = Release|Any CPU
		{E8B5DFFB-196F-4C08-BC75-4F76131BCEBF}.Release|Any CPU.Build.0 = Release|Any CPU
		{66CEE140-1878-4CE1-BEFA-6510D3497427}.Debug|Any CPU.ActiveCfg = Debug|Any CPU
		{66CEE140-1878-4CE1-BEFA-6510D3497427}.Debug|Any CPU.Build.0 = Debug|Any CPU
		{66CEE140-1878-4CE1-BEFA-6510D3497427}.Release|Any CPU.ActiveCfg = Release|Any CPU
		{66CEE140-1878-4CE1-BEFA-6510D3497427}.Release|Any CPU.Build.0 = Release|Any CPU
		{2C9758C3-562E-4E9F-BE41-67015A929544}.Debug|Any CPU.ActiveCfg = Debug|Any CPU
		{2C9758C3-562E-4E9F-BE41-67015A929544}.Debug|Any CPU.Build.0 = Debug|Any CPU
		{2C9758C3-562E-4E9F-BE41-67015A929544}.Release|Any CPU.ActiveCfg = Release|Any CPU
		{2C9758C3-562E-4E9F-BE41-67015A929544}.Release|Any CPU.Build.0 = Release|Any CPU
		{D22B0437-7288-44C2-8DA2-CFC260163B32}.Debug|Any CPU.ActiveCfg = Debug|Any CPU
		{D22B0437-7288-44C2-8DA2-CFC260163B32}.Debug|Any CPU.Build.0 = Debug|Any CPU
		{D22B0437-7288-44C2-8DA2-CFC260163B32}.Release|Any CPU.ActiveCfg = Release|Any CPU
		{D22B0437-7288-44C2-8DA2-CFC260163B32}.Release|Any CPU.Build.0 = Release|Any CPU
		{46CDA7F0-EA04-40BD-A34C-EBE6315D3302}.Debug|Any CPU.ActiveCfg = Debug|Any CPU
		{46CDA7F0-EA04-40BD-A34C-EBE6315D3302}.Debug|Any CPU.Build.0 = Debug|Any CPU
		{46CDA7F0-EA04-40BD-A34C-EBE6315D3302}.Release|Any CPU.ActiveCfg = Release|Any CPU
		{46CDA7F0-EA04-40BD-A34C-EBE6315D3302}.Release|Any CPU.Build.0 = Release|Any CPU
		{5FA13DBB-3110-41AE-8C71-38343481CEAB}.Debug|Any CPU.ActiveCfg = Debug|Any CPU
		{5FA13DBB-3110-41AE-8C71-38343481CEAB}.Debug|Any CPU.Build.0 = Debug|Any CPU
		{5FA13DBB-3110-41AE-8C71-38343481CEAB}.Release|Any CPU.ActiveCfg = Release|Any CPU
		{5FA13DBB-3110-41AE-8C71-38343481CEAB}.Release|Any CPU.Build.0 = Release|Any CPU
		{225B8D78-1ECF-4208-B91C-20BF489AC13D}.Debug|Any CPU.ActiveCfg = Debug|Any CPU
		{225B8D78-1ECF-4208-B91C-20BF489AC13D}.Debug|Any CPU.Build.0 = Debug|Any CPU
		{225B8D78-1ECF-4208-B91C-20BF489AC13D}.Release|Any CPU.ActiveCfg = Release|Any CPU
		{225B8D78-1ECF-4208-B91C-20BF489AC13D}.Release|Any CPU.Build.0 = Release|Any CPU
		{267C42C6-2AEB-484D-B6FA-EF4879DCF71E}.Debug|Any CPU.ActiveCfg = Debug|Any CPU
		{267C42C6-2AEB-484D-B6FA-EF4879DCF71E}.Debug|Any CPU.Build.0 = Debug|Any CPU
		{267C42C6-2AEB-484D-B6FA-EF4879DCF71E}.Release|Any CPU.ActiveCfg = Release|Any CPU
		{267C42C6-2AEB-484D-B6FA-EF4879DCF71E}.Release|Any CPU.Build.0 = Release|Any CPU
		{FE6F2870-967F-4B80-8B22-436BE8BDB0F6}.Debug|Any CPU.ActiveCfg = Debug|Any CPU
		{FE6F2870-967F-4B80-8B22-436BE8BDB0F6}.Debug|Any CPU.Build.0 = Debug|Any CPU
		{FE6F2870-967F-4B80-8B22-436BE8BDB0F6}.Release|Any CPU.ActiveCfg = Release|Any CPU
		{FE6F2870-967F-4B80-8B22-436BE8BDB0F6}.Release|Any CPU.Build.0 = Release|Any CPU
		{C0A1BC8E-B054-40CB-A674-BBF08CB39E64}.Debug|Any CPU.ActiveCfg = Debug|Any CPU
		{C0A1BC8E-B054-40CB-A674-BBF08CB39E64}.Debug|Any CPU.Build.0 = Debug|Any CPU
		{C0A1BC8E-B054-40CB-A674-BBF08CB39E64}.Release|Any CPU.ActiveCfg = Release|Any CPU
		{C0A1BC8E-B054-40CB-A674-BBF08CB39E64}.Release|Any CPU.Build.0 = Release|Any CPU
		{48457CEC-72D6-46CC-9466-EABF2E790A7F}.Debug|Any CPU.ActiveCfg = Debug|Any CPU
		{48457CEC-72D6-46CC-9466-EABF2E790A7F}.Debug|Any CPU.Build.0 = Debug|Any CPU
		{48457CEC-72D6-46CC-9466-EABF2E790A7F}.Release|Any CPU.ActiveCfg = Release|Any CPU
		{48457CEC-72D6-46CC-9466-EABF2E790A7F}.Release|Any CPU.Build.0 = Release|Any CPU
		{64958F79-778C-4CC6-AB51-D7851DCD1342}.Debug|Any CPU.ActiveCfg = Debug|Any CPU
		{64958F79-778C-4CC6-AB51-D7851DCD1342}.Debug|Any CPU.Build.0 = Debug|Any CPU
		{64958F79-778C-4CC6-AB51-D7851DCD1342}.Release|Any CPU.ActiveCfg = Release|Any CPU
		{64958F79-778C-4CC6-AB51-D7851DCD1342}.Release|Any CPU.Build.0 = Release|Any CPU
		{7ADC3291-85C6-4228-BBD9-0AB976C34754}.Debug|Any CPU.ActiveCfg = Debug|Any CPU
		{7ADC3291-85C6-4228-BBD9-0AB976C34754}.Debug|Any CPU.Build.0 = Debug|Any CPU
		{7ADC3291-85C6-4228-BBD9-0AB976C34754}.Release|Any CPU.ActiveCfg = Release|Any CPU
		{7ADC3291-85C6-4228-BBD9-0AB976C34754}.Release|Any CPU.Build.0 = Release|Any CPU
		{4940B48B-B3EC-48CD-A9CA-CEF3F4598FFD}.Debug|Any CPU.ActiveCfg = Debug|Any CPU
		{4940B48B-B3EC-48CD-A9CA-CEF3F4598FFD}.Debug|Any CPU.Build.0 = Debug|Any CPU
		{4940B48B-B3EC-48CD-A9CA-CEF3F4598FFD}.Release|Any CPU.ActiveCfg = Release|Any CPU
		{4940B48B-B3EC-48CD-A9CA-CEF3F4598FFD}.Release|Any CPU.Build.0 = Release|Any CPU
		{B89E89C2-4FF2-402A-9A2A-07A15BEB57ED}.Debug|Any CPU.ActiveCfg = Debug|Any CPU
		{B89E89C2-4FF2-402A-9A2A-07A15BEB57ED}.Debug|Any CPU.Build.0 = Debug|Any CPU
		{B89E89C2-4FF2-402A-9A2A-07A15BEB57ED}.Release|Any CPU.ActiveCfg = Release|Any CPU
		{B89E89C2-4FF2-402A-9A2A-07A15BEB57ED}.Release|Any CPU.Build.0 = Release|Any CPU
		{A85FEA1E-2A7A-4121-B909-8138873F6C6E}.Debug|Any CPU.ActiveCfg = Debug|Any CPU
		{A85FEA1E-2A7A-4121-B909-8138873F6C6E}.Debug|Any CPU.Build.0 = Debug|Any CPU
		{A85FEA1E-2A7A-4121-B909-8138873F6C6E}.Release|Any CPU.ActiveCfg = Release|Any CPU
		{A85FEA1E-2A7A-4121-B909-8138873F6C6E}.Release|Any CPU.Build.0 = Release|Any CPU
		{E85A24FB-8A76-46FA-898F-A01AB5B06461}.Debug|Any CPU.ActiveCfg = Debug|Any CPU
		{E85A24FB-8A76-46FA-898F-A01AB5B06461}.Debug|Any CPU.Build.0 = Debug|Any CPU
		{E85A24FB-8A76-46FA-898F-A01AB5B06461}.Release|Any CPU.ActiveCfg = Release|Any CPU
		{E85A24FB-8A76-46FA-898F-A01AB5B06461}.Release|Any CPU.Build.0 = Release|Any CPU
		{CC68F0A8-DDA9-4C9F-9872-2BE6FE9BCB05}.Debug|Any CPU.ActiveCfg = Debug|Any CPU
		{CC68F0A8-DDA9-4C9F-9872-2BE6FE9BCB05}.Debug|Any CPU.Build.0 = Debug|Any CPU
		{CC68F0A8-DDA9-4C9F-9872-2BE6FE9BCB05}.Release|Any CPU.ActiveCfg = Release|Any CPU
		{CC68F0A8-DDA9-4C9F-9872-2BE6FE9BCB05}.Release|Any CPU.Build.0 = Release|Any CPU
		{A9F204D5-AE8D-417D-8E24-515DE142B534}.Debug|Any CPU.ActiveCfg = Debug|Any CPU
		{A9F204D5-AE8D-417D-8E24-515DE142B534}.Debug|Any CPU.Build.0 = Debug|Any CPU
		{A9F204D5-AE8D-417D-8E24-515DE142B534}.Release|Any CPU.ActiveCfg = Release|Any CPU
		{A9F204D5-AE8D-417D-8E24-515DE142B534}.Release|Any CPU.Build.0 = Release|Any CPU
		{A244497F-E25B-41D7-8B1B-F125BA53C975}.Debug|Any CPU.ActiveCfg = Debug|Any CPU
		{A244497F-E25B-41D7-8B1B-F125BA53C975}.Debug|Any CPU.Build.0 = Debug|Any CPU
		{A244497F-E25B-41D7-8B1B-F125BA53C975}.Release|Any CPU.ActiveCfg = Release|Any CPU
		{A244497F-E25B-41D7-8B1B-F125BA53C975}.Release|Any CPU.Build.0 = Release|Any CPU
		{6008F090-6DE3-41C1-95DC-2E084335D49D}.Debug|Any CPU.ActiveCfg = Debug|Any CPU
		{6008F090-6DE3-41C1-95DC-2E084335D49D}.Debug|Any CPU.Build.0 = Debug|Any CPU
		{6008F090-6DE3-41C1-95DC-2E084335D49D}.Release|Any CPU.ActiveCfg = Release|Any CPU
		{6008F090-6DE3-41C1-95DC-2E084335D49D}.Release|Any CPU.Build.0 = Release|Any CPU
		{2955F270-BAEE-43E8-A0AE-3B1D4BB4BEB8}.Debug|Any CPU.ActiveCfg = Debug|Any CPU
		{2955F270-BAEE-43E8-A0AE-3B1D4BB4BEB8}.Debug|Any CPU.Build.0 = Debug|Any CPU
		{2955F270-BAEE-43E8-A0AE-3B1D4BB4BEB8}.Release|Any CPU.ActiveCfg = Release|Any CPU
		{2955F270-BAEE-43E8-A0AE-3B1D4BB4BEB8}.Release|Any CPU.Build.0 = Release|Any CPU
		{38A0432E-E0AF-4D87-B421-0C4148903A63}.Debug|Any CPU.ActiveCfg = Debug|Any CPU
		{38A0432E-E0AF-4D87-B421-0C4148903A63}.Debug|Any CPU.Build.0 = Debug|Any CPU
		{38A0432E-E0AF-4D87-B421-0C4148903A63}.Release|Any CPU.ActiveCfg = Release|Any CPU
		{38A0432E-E0AF-4D87-B421-0C4148903A63}.Release|Any CPU.Build.0 = Release|Any CPU
		{5F10CBE5-92C0-4236-9750-9F1451738DA5}.Debug|Any CPU.ActiveCfg = Debug|Any CPU
		{5F10CBE5-92C0-4236-9750-9F1451738DA5}.Debug|Any CPU.Build.0 = Debug|Any CPU
		{5F10CBE5-92C0-4236-9750-9F1451738DA5}.Release|Any CPU.ActiveCfg = Release|Any CPU
		{5F10CBE5-92C0-4236-9750-9F1451738DA5}.Release|Any CPU.Build.0 = Release|Any CPU
		{455EEECC-BB37-438A-BEE5-D975AD1AE1E9}.Debug|Any CPU.ActiveCfg = Debug|Any CPU
		{455EEECC-BB37-438A-BEE5-D975AD1AE1E9}.Debug|Any CPU.Build.0 = Debug|Any CPU
		{455EEECC-BB37-438A-BEE5-D975AD1AE1E9}.Release|Any CPU.ActiveCfg = Release|Any CPU
		{455EEECC-BB37-438A-BEE5-D975AD1AE1E9}.Release|Any CPU.Build.0 = Release|Any CPU
	EndGlobalSection
	GlobalSection(SolutionProperties) = preSolution
		HideSolutionNode = FALSE
	EndGlobalSection
	GlobalSection(NestedProjects) = preSolution
		{27146DAB-6481-4295-8B18-7DE9B147FC25} = {0B9900E8-5888-4E41-BAA6-9EB2BF37208D}
		{1B9675B4-86DB-47F4-A019-746CDA307C9C} = {A879235B-517B-43D5-8E69-405B72985838}
		{A59FB471-DC64-486B-A554-9299EB28AA6A} = {2D3D8F1E-1E13-48A9-853C-DF2415E8EB49}
		{DE0E78DD-2C22-4F3D-AAEC-213D6DC3143A} = {2D3D8F1E-1E13-48A9-853C-DF2415E8EB49}
		{97B9A938-A1E8-4A4E-B077-198C66F3DF4C} = {2D3D8F1E-1E13-48A9-853C-DF2415E8EB49}
		{AD18F719-DD36-4195-8E47-646ADC3793F5} = {DC8E2307-E5D9-41D2-8856-2240621DCB9D}
		{537733E4-B725-4376-9DD0-210651BB532C} = {8F3603C8-9AFB-45AD-BD88-73F4F18FB946}
		{8688A17D-CCDC-425F-B784-D147DEE77A0B} = {8F3603C8-9AFB-45AD-BD88-73F4F18FB946}
		{BF73BDF0-E3C1-4234-BCCE-3A4CFC951D9F} = {8F3603C8-9AFB-45AD-BD88-73F4F18FB946}
		{6236DA16-9018-483B-BF4A-1C595DF63CCE} = {8F3603C8-9AFB-45AD-BD88-73F4F18FB946}
		{B66A057C-4698-4B3D-BEAC-08B19F9F0FC5} = {67C0CF95-A7D7-4B26-9668-B7044C96F8ED}
		{7F8DC131-C3F1-4F70-9B78-EFD0F95F7305} = {67C0CF95-A7D7-4B26-9668-B7044C96F8ED}
		{E204B7B5-ECDC-4F2C-A86E-28C87262A9FA} = {67C0CF95-A7D7-4B26-9668-B7044C96F8ED}
		{D488AD45-55E9-4094-A4BE-B338C8BF8CC1} = {C369AA82-A3F0-4F51-90C8-B3D5BC66F6A5}
		{1D604D16-3F54-474B-BFF5-BAEBBC04645B} = {C369AA82-A3F0-4F51-90C8-B3D5BC66F6A5}
		{D0F14CCD-465A-4428-8DCF-E77BD98BBF28} = {A879235B-517B-43D5-8E69-405B72985838}
		{5AB7DA7D-D231-4DB8-A3FB-1B06F5C79281} = {A879235B-517B-43D5-8E69-405B72985838}
		{B68A2DEE-FF5E-473E-8F93-6E88FD4481DC} = {A879235B-517B-43D5-8E69-405B72985838}
		{68F19334-6A95-4B66-9F9B-EA4F7F7D58DC} = {E42968DB-8362-4576-BC55-2D66846603B0}
		{35F7341F-DAA1-4A95-8279-7CA1E22DEC42} = {E42968DB-8362-4576-BC55-2D66846603B0}
		{7F7B97A6-E889-48BD-9032-17C0C431EFC6} = {E42968DB-8362-4576-BC55-2D66846603B0}
		{F94B78EC-3EBC-4A9A-B044-351F08BE514A} = {E42968DB-8362-4576-BC55-2D66846603B0}
		{D7E978C7-25CD-4F5B-B249-C865AE93F454} = {259C8E02-944D-45C4-B866-8EC50EE2C81F}
		{F024475D-D47C-4F09-BBB5-673C7462D4B0} = {259C8E02-944D-45C4-B866-8EC50EE2C81F}
		{BB946437-14D5-40B5-B536-5FB18ED7AC8F} = {259C8E02-944D-45C4-B866-8EC50EE2C81F}
		{534F5C54-E2A1-4EB2-941A-649DEE315D12} = {259C8E02-944D-45C4-B866-8EC50EE2C81F}
		{39686717-A1BE-41DF-BCE0-6DDD69B2588D} = {259C8E02-944D-45C4-B866-8EC50EE2C81F}
		{1DEEF8D8-38CC-46CB-B865-17171395B494} = {7612F62C-DE12-4F5A-AAB2-31682649C569}
		{14397B05-88F6-4149-878C-1CBDEE6E0428} = {7612F62C-DE12-4F5A-AAB2-31682649C569}
		{E8B5DFFB-196F-4C08-BC75-4F76131BCEBF} = {7612F62C-DE12-4F5A-AAB2-31682649C569}
		{66CEE140-1878-4CE1-BEFA-6510D3497427} = {7612F62C-DE12-4F5A-AAB2-31682649C569}
		{2C9758C3-562E-4E9F-BE41-67015A929544} = {7612F62C-DE12-4F5A-AAB2-31682649C569}
		{D22B0437-7288-44C2-8DA2-CFC260163B32} = {7612F62C-DE12-4F5A-AAB2-31682649C569}
		{46CDA7F0-EA04-40BD-A34C-EBE6315D3302} = {3E7402BA-5498-4B7D-B271-1F3267E15842}
		{5FA13DBB-3110-41AE-8C71-38343481CEAB} = {3E7402BA-5498-4B7D-B271-1F3267E15842}
		{225B8D78-1ECF-4208-B91C-20BF489AC13D} = {3E7402BA-5498-4B7D-B271-1F3267E15842}
		{267C42C6-2AEB-484D-B6FA-EF4879DCF71E} = {3E7402BA-5498-4B7D-B271-1F3267E15842}
		{FE6F2870-967F-4B80-8B22-436BE8BDB0F6} = {3E7402BA-5498-4B7D-B271-1F3267E15842}
		{C0A1BC8E-B054-40CB-A674-BBF08CB39E64} = {3E7402BA-5498-4B7D-B271-1F3267E15842}
		{48457CEC-72D6-46CC-9466-EABF2E790A7F} = {3E7402BA-5498-4B7D-B271-1F3267E15842}
		{64958F79-778C-4CC6-AB51-D7851DCD1342} = {DEA77858-880B-4F67-9BAF-7AECE34F7D48}
		{7ADC3291-85C6-4228-BBD9-0AB976C34754} = {DEA77858-880B-4F67-9BAF-7AECE34F7D48}
		{4940B48B-B3EC-48CD-A9CA-CEF3F4598FFD} = {DEA77858-880B-4F67-9BAF-7AECE34F7D48}
		{B89E89C2-4FF2-402A-9A2A-07A15BEB57ED} = {9B41C5EB-B629-47AB-90B0-4D908CCB05E6}
		{A85FEA1E-2A7A-4121-B909-8138873F6C6E} = {9B41C5EB-B629-47AB-90B0-4D908CCB05E6}
		{E85A24FB-8A76-46FA-898F-A01AB5B06461} = {9B41C5EB-B629-47AB-90B0-4D908CCB05E6}
		{A9F204D5-AE8D-417D-8E24-515DE142B534} = {0B9900E8-5888-4E41-BAA6-9EB2BF37208D}
		{A244497F-E25B-41D7-8B1B-F125BA53C975} = {D5B37BE2-BDD9-42C4-A64E-9A956DC2DFD7}
		{6008F090-6DE3-41C1-95DC-2E084335D49D} = {D5B37BE2-BDD9-42C4-A64E-9A956DC2DFD7}
		{2955F270-BAEE-43E8-A0AE-3B1D4BB4BEB8} = {5ABC50B5-E350-4D40-A60C-409699EB4E9A}
		{38A0432E-E0AF-4D87-B421-0C4148903A63} = {5ABC50B5-E350-4D40-A60C-409699EB4E9A}
		{5F10CBE5-92C0-4236-9750-9F1451738DA5} = {7612F62C-DE12-4F5A-AAB2-31682649C569}
		{455EEECC-BB37-438A-BEE5-D975AD1AE1E9} = {7612F62C-DE12-4F5A-AAB2-31682649C569}
	EndGlobalSection
	GlobalSection(ExtensibilityGlobals) = postSolution
		SolutionGuid = {BCB717EF-A317-48FB-AFEA-6508A30E6BEB}
	EndGlobalSection
EndGlobal
